// !$*UTF8*$!
{
	archiveVersion = 1;
	classes = {
	};
	objectVersion = 56;
	objects = {

/* Begin PBXBuildFile section */
		34CF20392EB951E700037D93 /* GlassChrome.swift in Sources */ = {isa = PBXBuildFile; fileRef = 34CF20382EB951E700037D93 /* GlassChrome.swift */; };
		34CF203A2EB951E700037D93 /* CountdownCard.swift in Sources */ = {isa = PBXBuildFile; fileRef = 34CF20372EB951E700037D93 /* CountdownCard.swift */; };
		34CF203B2EB951E700037D93 /* GlassChrome.swift in Sources */ = {isa = PBXBuildFile; fileRef = 34CF20382EB951E700037D93 /* GlassChrome.swift */; };
		34CF203C2EB951E700037D93 /* CountdownCard.swift in Sources */ = {isa = PBXBuildFile; fileRef = 34CF20372EB951E700037D93 /* CountdownCard.swift */; };
		34CF203E2EB9523D00037D93 /* GlassSettings.swift in Sources */ = {isa = PBXBuildFile; fileRef = 34CF203D2EB9523D00037D93 /* GlassSettings.swift */; };
		34CF203F2EB9523D00037D93 /* GlassSettings.swift in Sources */ = {isa = PBXBuildFile; fileRef = 34CF203D2EB9523D00037D93 /* GlassSettings.swift */; };
		34CF20412EB956B700037D93 /* SettingsView.swift in Sources */ = {isa = PBXBuildFile; fileRef = 34CF20402EB956B700037D93 /* SettingsView.swift */; };
		34CF20532EB95E2800037D93 /* Localizable.strings in Resources */ = {isa = PBXBuildFile; fileRef = 34CF20432EB95E2800037D93 /* Localizable.strings */; };
		34CF20542EB95E2800037D93 /* Preview Assets.xcassets in Resources */ = {isa = PBXBuildFile; fileRef = 34CF204E2EB95E2800037D93 /* Preview Assets.xcassets */; };
		34CF20552EB95E2800037D93 /* Localizable.strings in Resources */ = {isa = PBXBuildFile; fileRef = 34CF204C2EB95E2800037D93 /* Localizable.strings */; };
		34CF20562EB95E2800037D93 /* Localizable.strings in Resources */ = {isa = PBXBuildFile; fileRef = 34CF20492EB95E2800037D93 /* Localizable.strings */; };
		34CF20572EB95E2800037D93 /* Localizable.strings in Resources */ = {isa = PBXBuildFile; fileRef = 34CF20462EB95E2800037D93 /* Localizable.strings */; };
		34CF20582EB95E2800037D93 /* Localizable.strings in Resources */ = {isa = PBXBuildFile; fileRef = 34CF20512EB95E2800037D93 /* Localizable.strings */; };
		34CF20592EB95E2800037D93 /* Localizable.strings in Resources */ = {isa = PBXBuildFile; fileRef = 34CF20432EB95E2800037D93 /* Localizable.strings */; };
		34CF205A2EB95E2800037D93 /* Preview Assets.xcassets in Resources */ = {isa = PBXBuildFile; fileRef = 34CF204E2EB95E2800037D93 /* Preview Assets.xcassets */; };
		34CF205B2EB95E2800037D93 /* Localizable.strings in Resources */ = {isa = PBXBuildFile; fileRef = 34CF204C2EB95E2800037D93 /* Localizable.strings */; };
		34CF205C2EB95E2800037D93 /* Localizable.strings in Resources */ = {isa = PBXBuildFile; fileRef = 34CF20492EB95E2800037D93 /* Localizable.strings */; };
		34CF205D2EB95E2800037D93 /* Localizable.strings in Resources */ = {isa = PBXBuildFile; fileRef = 34CF20462EB95E2800037D93 /* Localizable.strings */; };
		34CF205E2EB95E2800037D93 /* Localizable.strings in Resources */ = {isa = PBXBuildFile; fileRef = 34CF20512EB95E2800037D93 /* Localizable.strings */; };
		34CF20612EB9674F00037D93 /* CountdownListView.swift in Sources */ = {isa = PBXBuildFile; fileRef = 34CF205F2EB9674F00037D93 /* CountdownListView.swift */; };
		34CF20632EB9677B00037D93 /* CountdownSelectionIntent.swift in Sources */ = {isa = PBXBuildFile; fileRef = 34CF20622EB9677B00037D93 /* CountdownSelectionIntent.swift */; };
		34CF20642EB9677B00037D93 /* CountdownSelectionIntent.swift in Sources */ = {isa = PBXBuildFile; fileRef = 34CF20622EB9677B00037D93 /* CountdownSelectionIntent.swift */; };
		AA0000000000000000003001 /* CountdownApp.swift in Sources */ = {isa = PBXBuildFile; fileRef = AA0000000000000000001001 /* CountdownApp.swift */; };
		AA0000000000000000003002 /* CountdownItem.swift in Sources */ = {isa = PBXBuildFile; fileRef = AA0000000000000000001002 /* CountdownItem.swift */; };
		AA0000000000000000003003 /* CountdownStore.swift in Sources */ = {isa = PBXBuildFile; fileRef = AA0000000000000000001003 /* CountdownStore.swift */; };
		AA0000000000000000003004 /* CountdownListView.swift in Sources */ = {isa = PBXBuildFile; fileRef = AA0000000000000000001004 /* CountdownListView.swift */; };
		AA0000000000000000003005 /* CountdownRowView.swift in Sources */ = {isa = PBXBuildFile; fileRef = AA0000000000000000001005 /* CountdownRowView.swift */; };
		AA0000000000000000003006 /* EditCountdownView.swift in Sources */ = {isa = PBXBuildFile; fileRef = AA0000000000000000001006 /* EditCountdownView.swift */; };
		AA0000000000000000003007 /* EmptyStateView.swift in Sources */ = {isa = PBXBuildFile; fileRef = AA0000000000000000001007 /* EmptyStateView.swift */; };
		AA0000000000000000003008 /* SharedCountdownRepository.swift in Sources */ = {isa = PBXBuildFile; fileRef = AA0000000000000000001008 /* SharedCountdownRepository.swift */; };
		AA0000000000000000003009 /* Assets.xcassets in Resources */ = {isa = PBXBuildFile; fileRef = AA0000000000000000001009 /* Assets.xcassets */; };
		AA0000000000000000003010 /* Preview Assets.xcassets in Resources */ = {isa = PBXBuildFile; fileRef = AA0000000000000000001011 /* Preview Assets.xcassets */; };
		AA0000000000000000003011 /* CountdownWidget.swift in Sources */ = {isa = PBXBuildFile; fileRef = AA0000000000000000001012 /* CountdownWidget.swift */; };
		AA0000000000000000003012 /* CountdownItem.swift in Sources */ = {isa = PBXBuildFile; fileRef = AA0000000000000000001002 /* CountdownItem.swift */; };
		AA0000000000000000003013 /* SharedCountdownRepository.swift in Sources */ = {isa = PBXBuildFile; fileRef = AA0000000000000000001008 /* SharedCountdownRepository.swift */; };
		AA0000000000000000003014 /* CountdownWidget.appex in Embed App Extensions */ = {isa = PBXBuildFile; fileRef = AA0000000000000000001102 /* CountdownWidget.appex */; settings = {ATTRIBUTES = (RemoveHeadersOnCopy, ); }; };
		AA0000000000000000003015 /* CountdownStore+Preview.swift in Sources */ = {isa = PBXBuildFile; fileRef = AA0000000000000000001014 /* CountdownStore+Preview.swift */; };
		AA0000000000000000003016 /* LaunchScreenView.swift in Sources */ = {isa = PBXBuildFile; fileRef = AA0000000000000000001015 /* LaunchScreenView.swift */; };
		AA0000000000000000003017 /* AppSettings.swift in Sources */ = {isa = PBXBuildFile; fileRef = AA0000000000000000001016 /* AppSettings.swift */; };
		AA0000000000000000003018 /* AppSettingsStore.swift in Sources */ = {isa = PBXBuildFile; fileRef = AA0000000000000000001017 /* AppSettingsStore.swift */; };
/* End PBXBuildFile section */

/* Begin PBXContainerItemProxy section */
		AA0000000000000000004001 /* PBXContainerItemProxy */ = {
			isa = PBXContainerItemProxy;
			containerPortal = AA0000000000000000000001 /* Project object */;
			proxyType = 1;
			remoteGlobalIDString = AA0000000000000000000012;
			remoteInfo = CountdownWidget;
		};
/* End PBXContainerItemProxy section */

/* Begin PBXCopyFilesBuildPhase section */
		AA0000000000000000006004 /* Embed App Extensions */ = {
			isa = PBXCopyFilesBuildPhase;
			buildActionMask = 2147483647;
			dstPath = "";
			dstSubfolderSpec = 13;
			files = (
				AA0000000000000000003014 /* CountdownWidget.appex in Embed App Extensions */,
			);
			name = "Embed App Extensions";
			runOnlyForDeploymentPostprocessing = 0;
		};
/* End PBXCopyFilesBuildPhase section */

/* Begin PBXFileReference section */
		34CF20372EB951E700037D93 /* CountdownCard.swift */ = {isa = PBXFileReference; lastKnownFileType = sourcecode.swift; path = CountdownCard.swift; sourceTree = "<group>"; };
		34CF20382EB951E700037D93 /* GlassChrome.swift */ = {isa = PBXFileReference; lastKnownFileType = sourcecode.swift; path = GlassChrome.swift; sourceTree = "<group>"; };
		34CF203D2EB9523D00037D93 /* GlassSettings.swift */ = {isa = PBXFileReference; lastKnownFileType = sourcecode.swift; path = GlassSettings.swift; sourceTree = "<group>"; };
		34CF20402EB956B700037D93 /* SettingsView.swift */ = {isa = PBXFileReference; lastKnownFileType = sourcecode.swift; path = SettingsView.swift; sourceTree = "<group>"; };
		34CF20422EB95E2800037D93 /* de */ = {isa = PBXFileReference; lastKnownFileType = text.plist.strings; name = de; path = Localizable.strings; sourceTree = "<group>"; };
		34CF20452EB95E2800037D93 /* en */ = {isa = PBXFileReference; lastKnownFileType = text.plist.strings; name = en; path = Localizable.strings; sourceTree = "<group>"; };
		34CF20482EB95E2800037D93 /* es */ = {isa = PBXFileReference; lastKnownFileType = text.plist.strings; name = es; path = Localizable.strings; sourceTree = "<group>"; };
		34CF204B2EB95E2800037D93 /* fa */ = {isa = PBXFileReference; lastKnownFileType = text.plist.strings; name = fa; path = Localizable.strings; sourceTree = "<group>"; };
		34CF204E2EB95E2800037D93 /* Preview Assets.xcassets */ = {isa = PBXFileReference; lastKnownFileType = folder.assetcatalog; path = "Preview Assets.xcassets"; sourceTree = "<group>"; };
		34CF20502EB95E2800037D93 /* tr */ = {isa = PBXFileReference; lastKnownFileType = text.plist.strings; name = tr; path = Localizable.strings; sourceTree = "<group>"; };
		34CF205F2EB9674F00037D93 /* CountdownListView.swift */ = {isa = PBXFileReference; lastKnownFileType = sourcecode.swift; path = CountdownListView.swift; sourceTree = "<group>"; };
		34CF20622EB9677B00037D93 /* CountdownSelectionIntent.swift */ = {isa = PBXFileReference; lastKnownFileType = sourcecode.swift; path = CountdownSelectionIntent.swift; sourceTree = "<group>"; };
		AA0000000000000000001001 /* CountdownApp.swift */ = {isa = PBXFileReference; lastKnownFileType = sourcecode.swift; path = CountdownApp.swift; sourceTree = "<group>"; };
		AA0000000000000000001002 /* CountdownItem.swift */ = {isa = PBXFileReference; lastKnownFileType = sourcecode.swift; path = CountdownItem.swift; sourceTree = "<group>"; };
		AA0000000000000000001003 /* CountdownStore.swift */ = {isa = PBXFileReference; lastKnownFileType = sourcecode.swift; path = CountdownStore.swift; sourceTree = "<group>"; };
		AA0000000000000000001004 /* CountdownListView.swift */ = {isa = PBXFileReference; lastKnownFileType = sourcecode.swift; path = CountdownListView.swift; sourceTree = "<group>"; };
		AA0000000000000000001005 /* CountdownRowView.swift */ = {isa = PBXFileReference; lastKnownFileType = sourcecode.swift; path = CountdownRowView.swift; sourceTree = "<group>"; };
		AA0000000000000000001006 /* EditCountdownView.swift */ = {isa = PBXFileReference; lastKnownFileType = sourcecode.swift; path = EditCountdownView.swift; sourceTree = "<group>"; };
		AA0000000000000000001007 /* EmptyStateView.swift */ = {isa = PBXFileReference; lastKnownFileType = sourcecode.swift; path = EmptyStateView.swift; sourceTree = "<group>"; };
		AA0000000000000000001008 /* SharedCountdownRepository.swift */ = {isa = PBXFileReference; lastKnownFileType = sourcecode.swift; path = SharedCountdownRepository.swift; sourceTree = "<group>"; };
		AA0000000000000000001009 /* Assets.xcassets */ = {isa = PBXFileReference; lastKnownFileType = folder.assetcatalog; path = Assets.xcassets; sourceTree = "<group>"; };
		AA0000000000000000001010 /* Info.plist */ = {isa = PBXFileReference; lastKnownFileType = text.plist.xml; path = Info.plist; sourceTree = "<group>"; };
		AA0000000000000000001011 /* Preview Assets.xcassets */ = {isa = PBXFileReference; lastKnownFileType = folder.assetcatalog; path = "Preview Assets.xcassets"; sourceTree = "<group>"; };
		AA0000000000000000001012 /* CountdownWidget.swift */ = {isa = PBXFileReference; lastKnownFileType = sourcecode.swift; path = CountdownWidget.swift; sourceTree = "<group>"; };
		AA0000000000000000001013 /* Info.plist */ = {isa = PBXFileReference; lastKnownFileType = text.plist.xml; path = Info.plist; sourceTree = "<group>"; };
		AA0000000000000000001014 /* CountdownStore+Preview.swift */ = {isa = PBXFileReference; lastKnownFileType = sourcecode.swift; path = "CountdownStore+Preview.swift"; sourceTree = "<group>"; };
		AA0000000000000000001015 /* LaunchScreenView.swift */ = {isa = PBXFileReference; lastKnownFileType = sourcecode.swift; path = LaunchScreenView.swift; sourceTree = "<group>"; };
		AA0000000000000000001016 /* AppSettings.swift */ = {isa = PBXFileReference; lastKnownFileType = sourcecode.swift; path = AppSettings.swift; sourceTree = "<group>"; };
		AA0000000000000000001017 /* AppSettingsStore.swift */ = {isa = PBXFileReference; lastKnownFileType = sourcecode.swift; path = AppSettingsStore.swift; sourceTree = "<group>"; };
		AA0000000000000000001101 /* Countdown.app */ = {isa = PBXFileReference; explicitFileType = wrapper.application; path = Countdown.app; sourceTree = BUILT_PRODUCTS_DIR; };
		AA0000000000000000001102 /* CountdownWidget.appex */ = {isa = PBXFileReference; explicitFileType = "wrapper.app-extension"; path = CountdownWidget.appex; sourceTree = BUILT_PRODUCTS_DIR; };
/* End PBXFileReference section */

/* Begin PBXFrameworksBuildPhase section */
		AA0000000000000000006002 /* Frameworks */ = {
			isa = PBXFrameworksBuildPhase;
			buildActionMask = 2147483647;
			files = (
			);
			runOnlyForDeploymentPostprocessing = 0;
		};
		AA0000000000000000006006 /* Frameworks */ = {
			isa = PBXFrameworksBuildPhase;
			buildActionMask = 2147483647;
			files = (
			);
			runOnlyForDeploymentPostprocessing = 0;
		};
/* End PBXFrameworksBuildPhase section */

/* Begin PBXGroup section */
		34CF20442EB95E2800037D93 /* de.lproj */ = {
			isa = PBXGroup;
			children = (
				34CF20432EB95E2800037D93 /* Localizable.strings */,
			);
			path = de.lproj;
			sourceTree = "<group>";
		};
		34CF20472EB95E2800037D93 /* en.lproj */ = {
			isa = PBXGroup;
			children = (
				34CF20462EB95E2800037D93 /* Localizable.strings */,
			);
			path = en.lproj;
			sourceTree = "<group>";
		};
		34CF204A2EB95E2800037D93 /* es.lproj */ = {
			isa = PBXGroup;
			children = (
				34CF20492EB95E2800037D93 /* Localizable.strings */,
			);
			path = es.lproj;
			sourceTree = "<group>";
		};
		34CF204D2EB95E2800037D93 /* fa.lproj */ = {
			isa = PBXGroup;
			children = (
				34CF204C2EB95E2800037D93 /* Localizable.strings */,
			);
			path = fa.lproj;
			sourceTree = "<group>";
		};
		34CF204F2EB95E2800037D93 /* Preview Content */ = {
			isa = PBXGroup;
			children = (
				34CF204E2EB95E2800037D93 /* Preview Assets.xcassets */,
			);
			path = "Preview Content";
			sourceTree = "<group>";
		};
		34CF20522EB95E2800037D93 /* tr.lproj */ = {
			isa = PBXGroup;
			children = (
				34CF20512EB95E2800037D93 /* Localizable.strings */,
			);
			path = tr.lproj;
			sourceTree = "<group>";
		};
		AA0000000000000000002000 = {
			isa = PBXGroup;
			children = (
				AA0000000000000000002001 /* Countdown */,
				AA0000000000000000002201 /* CountdownWidget */,
				AA0000000000000000002302 /* Frameworks */,
				AA0000000000000000002301 /* Products */,
			);
			sourceTree = "<group>";
		};
		AA0000000000000000002001 /* Countdown */ = {
			isa = PBXGroup;
			children = (
				AA0000000000000000001001 /* CountdownApp.swift */,
				AA0000000000000000002101 /* Models */,
				AA0000000000000000002102 /* Views */,
				AA0000000000000000002103 /* Services */,
				AA0000000000000000002104 /* Utilities */,
				AA0000000000000000002105 /* Resources */,
			);
			path = Countdown;
			sourceTree = "<group>";
		};
		AA0000000000000000002101 /* Models */ = {
			isa = PBXGroup;
			children = (
				34CF20622EB9677B00037D93 /* CountdownSelectionIntent.swift */,
				AA0000000000000000001002 /* CountdownItem.swift */,
				AA0000000000000000001016 /* AppSettings.swift */,
			);
			path = Models;
			sourceTree = "<group>";
		};
		AA0000000000000000002102 /* Views */ = {
			isa = PBXGroup;
			children = (
				34CF205F2EB9674F00037D93 /* CountdownListView.swift */,
				34CF20402EB956B700037D93 /* SettingsView.swift */,
				34CF20372EB951E700037D93 /* CountdownCard.swift */,
				34CF20382EB951E700037D93 /* GlassChrome.swift */,
				AA0000000000000000001004 /* CountdownListView.swift */,
				AA0000000000000000001005 /* CountdownRowView.swift */,
				AA0000000000000000001006 /* EditCountdownView.swift */,
				AA0000000000000000001007 /* EmptyStateView.swift */,
				AA0000000000000000001015 /* LaunchScreenView.swift */,
			);
			path = Views;
			sourceTree = "<group>";
		};
		AA0000000000000000002103 /* Services */ = {
			isa = PBXGroup;
			children = (
				AA0000000000000000001003 /* CountdownStore.swift */,
				AA0000000000000000001014 /* CountdownStore+Preview.swift */,
				AA0000000000000000001017 /* AppSettingsStore.swift */,
			);
			path = Services;
			sourceTree = "<group>";
		};
		AA0000000000000000002104 /* Utilities */ = {
			isa = PBXGroup;
			children = (
				34CF203D2EB9523D00037D93 /* GlassSettings.swift */,
				AA0000000000000000001008 /* SharedCountdownRepository.swift */,
			);
			path = Utilities;
			sourceTree = "<group>";
		};
		AA0000000000000000002105 /* Resources */ = {
			isa = PBXGroup;
			children = (
				34CF20442EB95E2800037D93 /* de.lproj */,
				34CF20472EB95E2800037D93 /* en.lproj */,
				34CF204A2EB95E2800037D93 /* es.lproj */,
				34CF204D2EB95E2800037D93 /* fa.lproj */,
				34CF204F2EB95E2800037D93 /* Preview Content */,
				34CF20522EB95E2800037D93 /* tr.lproj */,
				AA0000000000000000001009 /* Assets.xcassets */,
				AA0000000000000000001010 /* Info.plist */,
				AA0000000000000000002106 /* Preview Content */,
			);
			path = Resources;
			sourceTree = "<group>";
		};
		AA0000000000000000002106 /* Preview Content */ = {
			isa = PBXGroup;
			children = (
				AA0000000000000000001011 /* Preview Assets.xcassets */,
			);
			path = "Preview Content";
			sourceTree = "<group>";
		};
		AA0000000000000000002201 /* CountdownWidget */ = {
			isa = PBXGroup;
			children = (
				AA0000000000000000002202,
				AA0000000000000000002203 /* Resources */,
			);
			path = CountdownWidget;
			sourceTree = "<group>";
		};
		AA0000000000000000002202 = {
			isa = PBXGroup;
			children = (
				AA0000000000000000001012 /* CountdownWidget.swift */,
			);
			sourceTree = "<group>";
		};
		AA0000000000000000002203 /* Resources */ = {
			isa = PBXGroup;
			children = (
				AA0000000000000000001013 /* Info.plist */,
			);
			path = Resources;
			sourceTree = "<group>";
		};
		AA0000000000000000002301 /* Products */ = {
			isa = PBXGroup;
			children = (
				AA0000000000000000001101 /* Countdown.app */,
				AA0000000000000000001102 /* CountdownWidget.appex */,
			);
			name = Products;
			sourceTree = "<group>";
		};
		AA0000000000000000002302 /* Frameworks */ = {
			isa = PBXGroup;
			children = (
			);
			name = Frameworks;
			sourceTree = "<group>";
		};
/* End PBXGroup section */

/* Begin PBXNativeTarget section */
		AA0000000000000000000011 /* Countdown */ = {
			isa = PBXNativeTarget;
			buildConfigurationList = AA0000000000000000007001 /* Build configuration list for PBXNativeTarget "Countdown" */;
			buildPhases = (
				AA0000000000000000006001 /* Sources */,
				AA0000000000000000006002 /* Frameworks */,
				AA0000000000000000006003 /* Resources */,
				AA0000000000000000006004 /* Embed App Extensions */,
			);
			buildRules = (
			);
			dependencies = (
				AA0000000000000000005001 /* PBXTargetDependency */,
			);
			name = Countdown;
			productName = Countdown;
			productReference = AA0000000000000000001101 /* Countdown.app */;
			productType = "com.apple.product-type.application";
		};
		AA0000000000000000000012 /* CountdownWidget */ = {
			isa = PBXNativeTarget;
			buildConfigurationList = AA0000000000000000007002 /* Build configuration list for PBXNativeTarget "CountdownWidget" */;
			buildPhases = (
				AA0000000000000000006005 /* Sources */,
				AA0000000000000000006006 /* Frameworks */,
				AA0000000000000000006007 /* Resources */,
			);
			buildRules = (
			);
			dependencies = (
			);
			name = CountdownWidget;
			productName = CountdownWidget;
			productReference = AA0000000000000000001102 /* CountdownWidget.appex */;
			productType = "com.apple.product-type.app-extension";
		};
/* End PBXNativeTarget section */

/* Begin PBXProject section */
		AA0000000000000000000001 /* Project object */ = {
			isa = PBXProject;
			attributes = {
				LastSwiftUpdateCheck = 1500;
				LastUpgradeCheck = 1500;
				TargetAttributes = {
					AA0000000000000000000011 = {
						CreatedOnToolsVersion = 15.0;
					};
					AA0000000000000000000012 = {
						CreatedOnToolsVersion = 15.0;
					};
				};
			};
			buildConfigurationList = AA0000000000000000007000 /* Build configuration list for PBXProject "Countdown" */;
			compatibilityVersion = "Xcode 14.0";
			developmentRegion = en;
			hasScannedForEncodings = 0;
			knownRegions = (
				en,
				Base,
				de,
				tr,
				es,
				fa,
			);
			mainGroup = AA0000000000000000002000;
			productRefGroup = AA0000000000000000002301 /* Products */;
			projectDirPath = "";
			projectRoot = "";
			targets = (
				AA0000000000000000000011 /* Countdown */,
				AA0000000000000000000012 /* CountdownWidget */,
			);
		};
/* End PBXProject section */

/* Begin PBXResourcesBuildPhase section */
		AA0000000000000000006003 /* Resources */ = {
			isa = PBXResourcesBuildPhase;
			buildActionMask = 2147483647;
			files = (
				AA0000000000000000003009 /* Assets.xcassets in Resources */,
				34CF20592EB95E2800037D93 /* Localizable.strings in Resources */,
				34CF205A2EB95E2800037D93 /* Preview Assets.xcassets in Resources */,
				34CF205B2EB95E2800037D93 /* Localizable.strings in Resources */,
				34CF205C2EB95E2800037D93 /* Localizable.strings in Resources */,
				34CF205D2EB95E2800037D93 /* Localizable.strings in Resources */,
				34CF205E2EB95E2800037D93 /* Localizable.strings in Resources */,
				AA0000000000000000003010 /* Preview Assets.xcassets in Resources */,
			);
			runOnlyForDeploymentPostprocessing = 0;
		};
		AA0000000000000000006007 /* Resources */ = {
			isa = PBXResourcesBuildPhase;
			buildActionMask = 2147483647;
			files = (
				34CF20532EB95E2800037D93 /* Localizable.strings in Resources */,
				34CF20542EB95E2800037D93 /* Preview Assets.xcassets in Resources */,
				34CF20552EB95E2800037D93 /* Localizable.strings in Resources */,
				34CF20562EB95E2800037D93 /* Localizable.strings in Resources */,
				34CF20572EB95E2800037D93 /* Localizable.strings in Resources */,
				34CF20582EB95E2800037D93 /* Localizable.strings in Resources */,
			);
			runOnlyForDeploymentPostprocessing = 0;
		};
/* End PBXResourcesBuildPhase section */

/* Begin PBXSourcesBuildPhase section */
		AA0000000000000000006001 /* Sources */ = {
			isa = PBXSourcesBuildPhase;
			buildActionMask = 2147483647;
			files = (
				AA0000000000000000003001 /* CountdownApp.swift in Sources */,
				34CF20392EB951E700037D93 /* GlassChrome.swift in Sources */,
				34CF203A2EB951E700037D93 /* CountdownCard.swift in Sources */,
				AA0000000000000000003002 /* CountdownItem.swift in Sources */,
				AA0000000000000000003017 /* AppSettings.swift in Sources */,
				AA0000000000000000003003 /* CountdownStore.swift in Sources */,
				AA0000000000000000003018 /* AppSettingsStore.swift in Sources */,
				AA0000000000000000003004 /* CountdownListView.swift in Sources */,
				AA0000000000000000003005 /* CountdownRowView.swift in Sources */,
				34CF20412EB956B700037D93 /* SettingsView.swift in Sources */,
				AA0000000000000000003006 /* EditCountdownView.swift in Sources */,
				AA0000000000000000003007 /* EmptyStateView.swift in Sources */,
				34CF203F2EB9523D00037D93 /* GlassSettings.swift in Sources */,
				AA0000000000000000003008 /* SharedCountdownRepository.swift in Sources */,
				AA0000000000000000003015 /* CountdownStore+Preview.swift in Sources */,
				AA0000000000000000003016 /* LaunchScreenView.swift in Sources */,
				34CF20642EB9677B00037D93 /* CountdownSelectionIntent.swift in Sources */,
				34CF20612EB9674F00037D93 /* CountdownListView.swift in Sources */,
			);
			runOnlyForDeploymentPostprocessing = 0;
		};
		AA0000000000000000006005 /* Sources */ = {
			isa = PBXSourcesBuildPhase;
			buildActionMask = 2147483647;
			files = (
				AA0000000000000000003011 /* CountdownWidget.swift in Sources */,
				34CF203B2EB951E700037D93 /* GlassChrome.swift in Sources */,
				34CF20632EB9677B00037D93 /* CountdownSelectionIntent.swift in Sources */,
				34CF203C2EB951E700037D93 /* CountdownCard.swift in Sources */,
				34CF203E2EB9523D00037D93 /* GlassSettings.swift in Sources */,
				AA0000000000000000003012 /* CountdownItem.swift in Sources */,
				AA0000000000000000003013 /* SharedCountdownRepository.swift in Sources */,
			);
			runOnlyForDeploymentPostprocessing = 0;
		};
/* End PBXSourcesBuildPhase section */

/* Begin PBXTargetDependency section */
		AA0000000000000000005001 /* PBXTargetDependency */ = {
			isa = PBXTargetDependency;
			target = AA0000000000000000000012 /* CountdownWidget */;
			targetProxy = AA0000000000000000004001 /* PBXContainerItemProxy */;
		};
/* End PBXTargetDependency section */

/* Begin PBXVariantGroup section */
		34CF20432EB95E2800037D93 /* Localizable.strings */ = {
			isa = PBXVariantGroup;
			children = (
				34CF20422EB95E2800037D93 /* de */,
			);
			name = Localizable.strings;
			sourceTree = "<group>";
		};
		34CF20462EB95E2800037D93 /* Localizable.strings */ = {
			isa = PBXVariantGroup;
			children = (
				34CF20452EB95E2800037D93 /* en */,
			);
			name = Localizable.strings;
			sourceTree = "<group>";
		};
		34CF20492EB95E2800037D93 /* Localizable.strings */ = {
			isa = PBXVariantGroup;
			children = (
				34CF20482EB95E2800037D93 /* es */,
			);
			name = Localizable.strings;
			sourceTree = "<group>";
		};
		34CF204C2EB95E2800037D93 /* Localizable.strings */ = {
			isa = PBXVariantGroup;
			children = (
				34CF204B2EB95E2800037D93 /* fa */,
			);
			name = Localizable.strings;
			sourceTree = "<group>";
		};
		34CF20512EB95E2800037D93 /* Localizable.strings */ = {
			isa = PBXVariantGroup;
			children = (
				34CF20502EB95E2800037D93 /* tr */,
			);
			name = Localizable.strings;
			sourceTree = "<group>";
		};
/* End PBXVariantGroup section */

/* Begin XCBuildConfiguration section */
		AA0000000000000000007101 /* Debug */ = {
			isa = XCBuildConfiguration;
			buildSettings = {
				ALWAYS_SEARCH_USER_PATHS = NO;
				CLANG_ANALYZER_NONNULL = YES;
				CLANG_ANALYZER_NUMBER_OBJECT_CONVERSION = YES_AGGRESSIVE;
				CLANG_CXX_LANGUAGE_STANDARD = "gnu++20";
				CLANG_ENABLE_MODULES = YES;
				CLANG_ENABLE_OBJC_ARC = YES;
				CLANG_WARN_BLOCK_CAPTURE_AUTORELEASING = YES;
				CLANG_WARN_BOOL_CONVERSION = YES;
				CLANG_WARN_COMMA = YES;
				CLANG_WARN_CONSTANT_CONVERSION = YES;
				CLANG_WARN_DEPRECATED_OBJC_IMPLEMENTATIONS = YES;
				CLANG_WARN_DIRECT_OBJC_ISA_USAGE = YES_ERROR;
				CLANG_WARN_DOCUMENTATION_COMMENTS = YES;
				CLANG_WARN_EMPTY_BODY = YES;
				CLANG_WARN_ENUM_CONVERSION = YES;
				CLANG_WARN_INFINITE_RECURSION = YES;
				CLANG_WARN_INT_CONVERSION = YES;
				CLANG_WARN_NON_LITERAL_NULL_CONVERSION = YES;
				CLANG_WARN_OBJC_IMPLICIT_RETAIN_SELF = YES;
				CLANG_WARN_OBJC_LITERAL_CONVERSION = YES;
				CLANG_WARN_OBJC_ROOT_CLASS = YES_ERROR;
				CLANG_WARN_QUOTED_INCLUDE_IN_FRAMEWORK_HEADER = YES;
				CLANG_WARN_RANGE_LOOP_ANALYSIS = YES;
				CLANG_WARN_STRICT_PROTOTYPES = YES;
				CLANG_WARN_SUSPICIOUS_MOVE = YES;
				CLANG_WARN_UNGUARDED_AVAILABILITY = YES_AGGRESSIVE;
				CODE_SIGN_STYLE = Automatic;
				COPY_PHASE_STRIP = NO;
				CURRENT_PROJECT_VERSION = 1;
				DEBUG_INFORMATION_FORMAT = dwarf;
				GCC_C_LANGUAGE_STANDARD = gnu11;
				GCC_DYNAMIC_NO_PIC = NO;
				GCC_NO_COMMON_BLOCKS = YES;
				GCC_PREPROCESSOR_DEFINITIONS = (
					"DEBUG=1",
					"$(inherited)",
				);
				GCC_WARN_64_TO_32_BIT_CONVERSION = YES;
				GCC_WARN_ABOUT_RETURN_TYPE = YES_ERROR;
				GCC_WARN_UNDECLARED_SELECTOR = YES;
				GCC_WARN_UNINITIALIZED_AUTOS = YES_AGGRESSIVE;
				GCC_WARN_UNUSED_FUNCTION = YES;
				GCC_WARN_UNUSED_VARIABLE = YES;
				IPHONEOS_DEPLOYMENT_TARGET = 17.0;
				MTL_ENABLE_DEBUG_INFO = INCLUDE_SOURCE;
				ONLY_ACTIVE_ARCH = YES;
				SDKROOT = iphoneos;
				SWIFT_ACTIVE_COMPILATION_CONDITIONS = DEBUG;
				SWIFT_OPTIMIZATION_LEVEL = "-Onone";
				TARGETED_DEVICE_FAMILY = 1;
				VERSIONING_SYSTEM = "apple-generic";
			};
			name = Debug;
		};
		AA0000000000000000007102 /* Release */ = {
			isa = XCBuildConfiguration;
			buildSettings = {
				ALWAYS_SEARCH_USER_PATHS = NO;
				CLANG_ANALYZER_NONNULL = YES;
				CLANG_ANALYZER_NUMBER_OBJECT_CONVERSION = YES_AGGRESSIVE;
				CLANG_CXX_LANGUAGE_STANDARD = "gnu++20";
				CLANG_ENABLE_MODULES = YES;
				CLANG_ENABLE_OBJC_ARC = YES;
				CLANG_WARN_BLOCK_CAPTURE_AUTORELEASING = YES;
				CLANG_WARN_BOOL_CONVERSION = YES;
				CLANG_WARN_COMMA = YES;
				CLANG_WARN_CONSTANT_CONVERSION = YES;
				CLANG_WARN_DEPRECATED_OBJC_IMPLEMENTATIONS = YES;
				CLANG_WARN_DIRECT_OBJC_ISA_USAGE = YES_ERROR;
				CLANG_WARN_DOCUMENTATION_COMMENTS = YES;
				CLANG_WARN_EMPTY_BODY = YES;
				CLANG_WARN_ENUM_CONVERSION = YES;
				CLANG_WARN_INFINITE_RECURSION = YES;
				CLANG_WARN_INT_CONVERSION = YES;
				CLANG_WARN_NON_LITERAL_NULL_CONVERSION = YES;
				CLANG_WARN_OBJC_IMPLICIT_RETAIN_SELF = YES;
				CLANG_WARN_OBJC_LITERAL_CONVERSION = YES;
				CLANG_WARN_OBJC_ROOT_CLASS = YES_ERROR;
				CLANG_WARN_QUOTED_INCLUDE_IN_FRAMEWORK_HEADER = YES;
				CLANG_WARN_RANGE_LOOP_ANALYSIS = YES;
				CLANG_WARN_STRICT_PROTOTYPES = YES;
				CLANG_WARN_SUSPICIOUS_MOVE = YES;
				CLANG_WARN_UNGUARDED_AVAILABILITY = YES_AGGRESSIVE;
				CODE_SIGN_STYLE = Automatic;
				COPY_PHASE_STRIP = NO;
				CURRENT_PROJECT_VERSION = 1;
				DEBUG_INFORMATION_FORMAT = dwarf;
				ENABLE_NS_ASSERTIONS = NO;
				GCC_C_LANGUAGE_STANDARD = gnu11;
				GCC_NO_COMMON_BLOCKS = YES;
				GCC_WARN_64_TO_32_BIT_CONVERSION = YES;
				GCC_WARN_ABOUT_RETURN_TYPE = YES_ERROR;
				GCC_WARN_UNDECLARED_SELECTOR = YES;
				GCC_WARN_UNINITIALIZED_AUTOS = YES_AGGRESSIVE;
				GCC_WARN_UNUSED_FUNCTION = YES;
				GCC_WARN_UNUSED_VARIABLE = YES;
				IPHONEOS_DEPLOYMENT_TARGET = 17.0;
				MTL_ENABLE_DEBUG_INFO = NO;
				SDKROOT = iphoneos;
				SWIFT_COMPILATION_MODE = wholemodule;
				SWIFT_OPTIMIZATION_LEVEL = "-O";
				TARGETED_DEVICE_FAMILY = 1;
				VERSIONING_SYSTEM = "apple-generic";
			};
			name = Release;
		};
		AA0000000000000000007103 /* Debug */ = {
			isa = XCBuildConfiguration;
			buildSettings = {
				ASSETCATALOG_COMPILER_APPICON_NAME = AppIcon;
				ASSETCATALOG_COMPILER_GLOBAL_ACCENT_COLOR_NAME = AccentColor;
				CODE_SIGN_STYLE = Automatic;
				DEVELOPMENT_TEAM = 7LZDB2TKF7;
				INFOPLIST_FILE = Countdown/Resources/Info.plist;
				IPHONEOS_DEPLOYMENT_TARGET = 17.0;
				LD_RUNPATH_SEARCH_PATHS = (
					"$(inherited)",
					"@executable_path/Frameworks",
				);
				MARKETING_VERSION = 1.0;
				PRODUCT_BUNDLE_IDENTIFIER = info.gabrimatic.Countdown;
				PRODUCT_NAME = "$(TARGET_NAME)";
				SWIFT_EMIT_LOC_STRINGS = YES;
				SWIFT_VERSION = 5.0;
				TARGETED_DEVICE_FAMILY = 1;
			};
			name = Debug;
		};
		AA0000000000000000007104 /* Release */ = {
			isa = XCBuildConfiguration;
			buildSettings = {
				ASSETCATALOG_COMPILER_APPICON_NAME = AppIcon;
				ASSETCATALOG_COMPILER_GLOBAL_ACCENT_COLOR_NAME = AccentColor;
				CODE_SIGN_STYLE = Automatic;
				DEVELOPMENT_TEAM = 7LZDB2TKF7;
				INFOPLIST_FILE = Countdown/Resources/Info.plist;
				IPHONEOS_DEPLOYMENT_TARGET = 17.0;
				LD_RUNPATH_SEARCH_PATHS = (
					"$(inherited)",
					"@executable_path/Frameworks",
				);
				MARKETING_VERSION = 1.0;
				PRODUCT_BUNDLE_IDENTIFIER = info.gabrimatic.Countdown;
				PRODUCT_NAME = "$(TARGET_NAME)";
				SWIFT_EMIT_LOC_STRINGS = YES;
				SWIFT_VERSION = 5.0;
				TARGETED_DEVICE_FAMILY = 1;
			};
			name = Release;
		};
		AA0000000000000000007105 /* Debug */ = {
			isa = XCBuildConfiguration;
			buildSettings = {
				APPLICATION_EXTENSION_API_ONLY = YES;
				CODE_SIGN_STYLE = Automatic;
				DEVELOPMENT_TEAM = 7LZDB2TKF7;
				INFOPLIST_FILE = CountdownWidget/Info.plist;
				IPHONEOS_DEPLOYMENT_TARGET = 17.0;
				LD_RUNPATH_SEARCH_PATHS = (
					"$(inherited)",
					"@executable_path/Frameworks",
					"@executable_path/../../Frameworks",
				);
				MARKETING_VERSION = 1.0;
				PRODUCT_BUNDLE_IDENTIFIER = info.gabrimatic.Countdown.widget;
				PRODUCT_NAME = "$(TARGET_NAME)";
				SKIP_INSTALL = YES;
				SWIFT_EMIT_LOC_STRINGS = YES;
				SWIFT_VERSION = 5.0;
			};
			name = Debug;
		};
		AA0000000000000000007106 /* Release */ = {
			isa = XCBuildConfiguration;
			buildSettings = {
				APPLICATION_EXTENSION_API_ONLY = YES;
				CODE_SIGN_STYLE = Automatic;
				DEVELOPMENT_TEAM = 7LZDB2TKF7;
				INFOPLIST_FILE = CountdownWidget/Info.plist;
				IPHONEOS_DEPLOYMENT_TARGET = 17.0;
				LD_RUNPATH_SEARCH_PATHS = (
					"$(inherited)",
					"@executable_path/Frameworks",
					"@executable_path/../../Frameworks",
				);
				MARKETING_VERSION = 1.0;
				PRODUCT_BUNDLE_IDENTIFIER = info.gabrimatic.Countdown.widget;
				PRODUCT_NAME = "$(TARGET_NAME)";
				SKIP_INSTALL = YES;
				SWIFT_EMIT_LOC_STRINGS = YES;
				SWIFT_VERSION = 5.0;
			};
			name = Release;
		};
/* End XCBuildConfiguration section */

/* Begin XCConfigurationList section */
		AA0000000000000000007000 /* Build configuration list for PBXProject "Countdown" */ = {
			isa = XCConfigurationList;
			buildConfigurations = (
				AA0000000000000000007101 /* Debug */,
				AA0000000000000000007102 /* Release */,
			);
			defaultConfigurationIsVisible = 0;
			defaultConfigurationName = Release;
		};
		AA0000000000000000007001 /* Build configuration list for PBXNativeTarget "Countdown" */ = {
			isa = XCConfigurationList;
			buildConfigurations = (
				AA0000000000000000007103 /* Debug */,
				AA0000000000000000007104 /* Release */,
			);
			defaultConfigurationIsVisible = 0;
			defaultConfigurationName = Release;
		};
		AA0000000000000000007002 /* Build configuration list for PBXNativeTarget "CountdownWidget" */ = {
			isa = XCConfigurationList;
			buildConfigurations = (
				AA0000000000000000007105 /* Debug */,
				AA0000000000000000007106 /* Release */,
			);
			defaultConfigurationIsVisible = 0;
			defaultConfigurationName = Release;
		};
/* End XCConfigurationList section */
	};
	rootObject = AA0000000000000000000001 /* Project object */;
}
